
Microsoft Visual Studio Solution File, Format Version 12.00
# Visual Studio Version 16
VisualStudioVersion = 16.0.29911.84
MinimumVisualStudioVersion = 10.0.40219.1
Project("{9A19103F-16F7-4668-BE54-9A1E7A4F7556}") = "EmployeeCRUD", "EmployeeCRUD.csproj", "{3286851A-DA83-4168-A30F-9E355E043C9F}"
EndProject
Project("{FAE04EC0-301F-11D3-BF4B-00C04F79EFBC}") = "Model", "..\Model\Model.csproj", "{5DC9A93E-D08B-4919-AD93-49931E91A904}"
EndProject
Project("{FAE04EC0-301F-11D3-BF4B-00C04F79EFBC}") = "Manager", "..\Manager\Manager.csproj", "{2A48941F-7CE7-48C0-814E-D2C922B3839C}"
EndProject
Project("{FAE04EC0-301F-11D3-BF4B-00C04F79EFBC}") = "Repository", "..\Repository\Repository.csproj", "{BF49C137-0D05-4DDA-A333-A6B56C7CA520}"
EndProject
Global
	GlobalSection(SolutionConfigurationPlatforms) = preSolution
		Debug|Any CPU = Debug|Any CPU
		Release|Any CPU = Release|Any CPU
	EndGlobalSection
	GlobalSection(ProjectConfigurationPlatforms) = postSolution
		{3286851A-DA83-4168-A30F-9E355E043C9F}.Debug|Any CPU.ActiveCfg = Debug|Any CPU
		{3286851A-DA83-4168-A30F-9E355E043C9F}.Debug|Any CPU.Build.0 = Debug|Any CPU
		{3286851A-DA83-4168-A30F-9E355E043C9F}.Release|Any CPU.ActiveCfg = Release|Any CPU
		{3286851A-DA83-4168-A30F-9E355E043C9F}.Release|Any CPU.Build.0 = Release|Any CPU
		{5DC9A93E-D08B-4919-AD93-49931E91A904}.Debug|Any CPU.ActiveCfg = Debug|Any CPU
		{5DC9A93E-D08B-4919-AD93-49931E91A904}.Debug|Any CPU.Build.0 = Debug|Any CPU
		{5DC9A93E-D08B-4919-AD93-49931E91A904}.Release|Any CPU.ActiveCfg = Release|Any CPU
		{5DC9A93E-D08B-4919-AD93-49931E91A904}.Release|Any CPU.Build.0 = Release|Any CPU
		{2A48941F-7CE7-48C0-814E-D2C922B3839C}.Debug|Any CPU.ActiveCfg = Debug|Any CPU
		{2A48941F-7CE7-48C0-814E-D2C922B3839C}.Debug|Any CPU.Build.0 = Debug|Any CPU
		{2A48941F-7CE7-48C0-814E-D2C922B3839C}.Release|Any CPU.ActiveCfg = Release|Any CPU
		{2A48941F-7CE7-48C0-814E-D2C922B3839C}.Release|Any CPU.Build.0 = Release|Any CPU
		{BF49C137-0D05-4DDA-A333-A6B56C7CA520}.Debug|Any CPU.ActiveCfg = Debug|Any CPU
		{BF49C137-0D05-4DDA-A333-A6B56C7CA520}.Debug|Any CPU.Build.0 = Debug|Any CPU
		{BF49C137-0D05-4DDA-A333-A6B56C7CA520}.Release|Any CPU.ActiveCfg = Release|Any CPU
		{BF49C137-0D05-4DDA-A333-A6B56C7CA520}.Release|Any CPU.Build.0 = Release|Any CPU
	EndGlobalSection
	GlobalSection(SolutionProperties) = preSolution
		HideSolutionNode = FALSE
	EndGlobalSection
	GlobalSection(ExtensibilityGlobals) = postSolution
		SolutionGuid = {B10743E0-6C40-4306-960F-FA72B65BA33C}
	EndGlobalSection
EndGlobal
